
Microsoft Visual Studio Solution File, Format Version 12.00
# Visual Studio 14
VisualStudioVersion = 14.0.25420.1
MinimumVisualStudioVersion = 10.0.40219.1
Project("{FAE04EC0-301F-11D3-BF4B-00C04F79EFBC}") = "WebsiteNgheNhac", "WebsiteNgheNhac\WebsiteNgheNhac.csproj", "{C989FD71-CA3B-490C-BB05-9890E85BF69B}"
EndProject
Project("{FAE04EC0-301F-11D3-BF4B-00C04F79EFBC}") = "Model", "Model\Model.csproj", "{8D79A293-78F1-4E8A-9A24-47ACEB977616}"
EndProject
Global
	GlobalSection(SolutionConfigurationPlatforms) = preSolution
		Debug|Any CPU = Debug|Any CPU
		Release|Any CPU = Release|Any CPU
	EndGlobalSection
	GlobalSection(ProjectConfigurationPlatforms) = postSolution
		{C989FD71-CA3B-490C-BB05-9890E85BF69B}.Debug|Any CPU.ActiveCfg = Debug|Any CPU
		{C989FD71-CA3B-490C-BB05-9890E85BF69B}.Debug|Any CPU.Build.0 = Debug|Any CPU
		{C989FD71-CA3B-490C-BB05-9890E85BF69B}.Release|Any CPU.ActiveCfg = Release|Any CPU
		{C989FD71-CA3B-490C-BB05-9890E85BF69B}.Release|Any CPU.Build.0 = Release|Any CPU
		{8D79A293-78F1-4E8A-9A24-47ACEB977616}.Debug|Any CPU.ActiveCfg = Debug|Any CPU
		{8D79A293-78F1-4E8A-9A24-47ACEB977616}.Debug|Any CPU.Build.0 = Debug|Any CPU
		{8D79A293-78F1-4E8A-9A24-47ACEB977616}.Release|Any CPU.ActiveCfg = Release|Any CPU
		{8D79A293-78F1-4E8A-9A24-47ACEB977616}.Release|Any CPU.Build.0 = Release|Any CPU
	EndGlobalSection
	GlobalSection(SolutionProperties) = preSolution
		HideSolutionNode = FALSE
	EndGlobalSection
EndGlobal
